
Microsoft Visual Studio Solution File, Format Version 12.00
# Visual Studio Version 17
VisualStudioVersion = 17.11.35312.102
MinimumVisualStudioVersion = 10.0.40219.1
Project("{FAE04EC0-301F-11D3-BF4B-00C04F79EFBC}") = "ClassicCardLibrary", "ClassicCardLibrary\ClassicCardLibrary.csproj", "{AB9AB1AB-9278-4F86-8EE4-7AAA353DF72D}"
EndProject
Global
	GlobalSection(SolutionConfigurationPlatforms) = preSolution
		Debug|Any CPU = Debug|Any CPU
		Release|Any CPU = Release|Any CPU
	EndGlobalSection
	GlobalSection(ProjectConfigurationPlatforms) = postSolution
		{AB9AB1AB-9278-4F86-8EE4-7AAA353DF72D}.Debug|Any CPU.ActiveCfg = Debug|Any CPU
		{AB9AB1AB-9278-4F86-8EE4-7AAA353DF72D}.Debug|Any CPU.Build.0 = Debug|Any CPU
		{AB9AB1AB-9278-4F86-8EE4-7AAA353DF72D}.Release|Any CPU.ActiveCfg = Release|Any CPU
		{AB9AB1AB-9278-4F86-8EE4-7AAA353DF72D}.Release|Any CPU.Build.0 = Release|Any CPU
	EndGlobalSection
	GlobalSection(SolutionProperties) = preSolution
		HideSolutionNode = FALSE
	EndGlobalSection
	GlobalSection(ExtensibilityGlobals) = postSolution
		SolutionGuid = {24994AAF-FBE6-43AC-BE2A-576949DFDA09}
	EndGlobalSection
EndGlobal
